
Microsoft Visual Studio Solution File, Format Version 12.00
# Visual Studio Version 17
VisualStudioVersion = 17.5.33414.496
MinimumVisualStudioVersion = 10.0.40219.1
Project("{FAE04EC0-301F-11D3-BF4B-00C04F79EFBC}") = "TurnUppage2023", "TurnUppage2023\TurnUppage2023.csproj", "{7157D554-644B-4259-B5EE-2F03AD3119D3}"
EndProject
Global
	GlobalSection(SolutionConfigurationPlatforms) = preSolution
		Debug|Any CPU = Debug|Any CPU
		Release|Any CPU = Release|Any CPU
	EndGlobalSection
	GlobalSection(ProjectConfigurationPlatforms) = postSolution
		{7157D554-644B-4259-B5EE-2F03AD3119D3}.Debug|Any CPU.ActiveCfg = Debug|Any CPU
		{7157D554-644B-4259-B5EE-2F03AD3119D3}.Debug|Any CPU.Build.0 = Debug|Any CPU
		{7157D554-644B-4259-B5EE-2F03AD3119D3}.Release|Any CPU.ActiveCfg = Release|Any CPU
		{7157D554-644B-4259-B5EE-2F03AD3119D3}.Release|Any CPU.Build.0 = Release|Any CPU
	EndGlobalSection
	GlobalSection(SolutionProperties) = preSolution
		HideSolutionNode = FALSE
	EndGlobalSection
	GlobalSection(ExtensibilityGlobals) = postSolution
		SolutionGuid = {407F79D1-7D32-4F1A-8636-43386A38FCC0}
	EndGlobalSection
EndGlobal
